# Generated by conda-lock.
# platform: linux-64
# input_hash: 70382d7d9d2be56d4401751c69117f0d9be9e371498b5269d42b41994f0ac7b5
@EXPLICIT
https://conda.anaconda.org/conda-forge/linux-64/_libgcc_mutex-0.1-conda_forge.tar.bz2#d7c89558ba9fa0495403155b64376d81
https://conda.anaconda.org/conda-forge/linux-64/ca-certificates-2022.9.24-ha878542_0.tar.bz2#41e4e87062433e283696cf384f952ef6
https://conda.anaconda.org/conda-forge/linux-64/ld_impl_linux-64-2.39-hc81fddc_0.tar.bz2#c2719e2faa7bd7076d3a4b52271e5622
https://conda.anaconda.org/conda-forge/linux-64/libgfortran5-12.2.0-h337968e_19.tar.bz2#164b4b1acaedc47ee7e658ae6b308ca3
https://conda.anaconda.org/conda-forge/linux-64/libstdcxx-ng-12.2.0-h46fd767_19.tar.bz2#1030b1f38c129f2634eae026f704fe60
https://conda.anaconda.org/conda-forge/linux-64/pbzip2-1.1.13-0.tar.bz2#c8e59e8ed385634458f5a19f3fe2f219
https://conda.anaconda.org/conda-forge/noarch/tzdata-2022f-h191b570_0.tar.bz2#e366350e2343a798e29833286abe2560
https://conda.anaconda.org/conda-forge/linux-64/libgfortran-ng-12.2.0-h69a702a_19.tar.bz2#cd7a806282c16e1f2d39a7e80d3a3e0d
https://conda.anaconda.org/conda-forge/linux-64/libgomp-12.2.0-h65d4601_19.tar.bz2#cedcee7c064c01c403f962c9e8d3c373
https://conda.anaconda.org/conda-forge/linux-64/_openmp_mutex-4.5-2_gnu.tar.bz2#73aaf86a425cc6e73fcf236a5a46396d
https://conda.anaconda.org/conda-forge/linux-64/libgcc-ng-12.2.0-h65d4601_19.tar.bz2#e4c94f80aef025c17ab0828cd85ef535
https://conda.anaconda.org/conda-forge/linux-64/bzip2-1.0.8-h7f98852_4.tar.bz2#a1fd65c7ccbf10880423d82bca54eb54
https://conda.anaconda.org/conda-forge/linux-64/c-ares-1.18.1-h7f98852_0.tar.bz2#f26ef8098fab1f719c91eb760d63381a
https://conda.anaconda.org/conda-forge/linux-64/coreutils-9.1-h166bdaf_0.tar.bz2#b0929effe5b852ce3e7b2a78c2c35376
https://conda.anaconda.org/conda-forge/linux-64/isa-l-2.30.0-ha770c72_4.tar.bz2#e9f011f428f6a0bba8a2613d7c107b88
https://conda.anaconda.org/conda-forge/linux-64/jpeg-9e-h166bdaf_2.tar.bz2#ee8b844357a0946870901c7c6f418268
https://conda.anaconda.org/conda-forge/linux-64/keyutils-1.6.1-h166bdaf_0.tar.bz2#30186d27e2c9fa62b45fb1476b7200e3
https://conda.anaconda.org/conda-forge/linux-64/lerc-4.0.0-h27087fc_0.tar.bz2#76bbff344f0134279f225174e9064c8f
https://conda.anaconda.org/conda-forge/linux-64/libbrotlicommon-1.0.9-h166bdaf_8.tar.bz2#9194c9bf9428035a05352d031462eae4
https://conda.anaconda.org/conda-forge/linux-64/libdeflate-1.13-h166bdaf_0.tar.bz2#4b5bee2e957570197327d0b20a718891
https://conda.anaconda.org/conda-forge/linux-64/libev-4.33-h516909a_1.tar.bz2#6f8720dff19e17ce5d48cfe7f3d2f0a3
https://conda.anaconda.org/conda-forge/linux-64/libffi-3.4.2-h7f98852_5.tar.bz2#d645c6d2ac96843a2bfaccd2d62b3ac3
https://conda.anaconda.org/conda-forge/linux-64/libnsl-2.0.0-h7f98852_0.tar.bz2#39b1328babf85c7c3a61636d9cd50206
https://conda.anaconda.org/conda-forge/linux-64/libopenblas-0.3.21-pthreads_h78a6416_3.tar.bz2#8c5963a49b6035c40646a763293fbb35
https://conda.anaconda.org/conda-forge/linux-64/libuuid-2.32.1-h7f98852_1000.tar.bz2#772d69f030955d9646d3d0eaf21d859d
https://conda.anaconda.org/conda-forge/linux-64/libwebp-base-1.2.4-h166bdaf_0.tar.bz2#ac2ccf7323d21f2994e4d1f5da664f37
https://conda.anaconda.org/conda-forge/linux-64/libzlib-1.2.13-h166bdaf_4.tar.bz2#f3f9de449d32ca9b9c66a22863c96f41
https://conda.anaconda.org/conda-forge/linux-64/lz4-c-1.9.3-h9c3ff4c_1.tar.bz2#fbe97e8fa6f275d7c76a09e795adc3e6
https://conda.anaconda.org/conda-forge/linux-64/ncurses-6.3-h27087fc_1.tar.bz2#4acfc691e64342b9dae57cf2adc63238
https://conda.anaconda.org/conda-forge/linux-64/openssl-1.1.1q-h166bdaf_1.tar.bz2#d2fc6255f8740352d7241714f0d074f2
https://conda.anaconda.org/conda-forge/linux-64/pthread-stubs-0.4-h36c2ea0_1001.tar.bz2#22dad4df6e8630e8dff2428f6f6a7036
https://conda.anaconda.org/conda-forge/linux-64/xorg-libxau-1.0.9-h7f98852_0.tar.bz2#bf6f803a544f26ebbdc3bfff272eb179
https://conda.anaconda.org/conda-forge/linux-64/xorg-libxdmcp-1.1.3-h7f98852_0.tar.bz2#be93aabceefa2fac576e971aef407908
https://conda.anaconda.org/conda-forge/linux-64/xz-5.2.6-h166bdaf_0.tar.bz2#2161070d867d1b1204ea749c8eec4ef0
https://conda.anaconda.org/conda-forge/linux-64/yaml-0.2.5-h7f98852_2.tar.bz2#4cb3ad778ec2d5a7acbdf254eb1c42ae
https://conda.anaconda.org/conda-forge/linux-64/libblas-3.9.0-16_linux64_openblas.tar.bz2#d9b7a8639171f6c6fa0a983edabcfe2b
https://conda.anaconda.org/conda-forge/linux-64/libbrotlidec-1.0.9-h166bdaf_8.tar.bz2#4ae4d7795d33e02bd20f6b23d91caf82
https://conda.anaconda.org/conda-forge/linux-64/libbrotlienc-1.0.9-h166bdaf_8.tar.bz2#04bac51ba35ea023dc48af73c1c88c25
https://conda.anaconda.org/conda-forge/linux-64/libedit-3.1.20191231-he28a2e2_2.tar.bz2#4d331e44109e3f0e19b4cb8f9b82f3e1
https://conda.anaconda.org/conda-forge/linux-64/libnghttp2-1.47.0-hdcd2b5c_1.tar.bz2#6fe9e31c2b8d0b022626ccac13e6ca3c
https://conda.anaconda.org/conda-forge/linux-64/libpng-1.6.38-h753d276_0.tar.bz2#575078de1d3a3114b3ce131bd1508d0c
https://conda.anaconda.org/conda-forge/linux-64/libsqlite-3.39.4-h753d276_0.tar.bz2#978924c298fc2215f129e8171bbea688
https://conda.anaconda.org/conda-forge/linux-64/libssh2-1.10.0-haa6b8db_3.tar.bz2#89acee135f0809a18a1f4537390aa2dd
https://conda.anaconda.org/conda-forge/linux-64/libxcb-1.13-h7f98852_1004.tar.bz2#b3653fdc58d03face9724f602218a904
https://conda.anaconda.org/conda-forge/linux-64/readline-8.1.2-h0f457ee_0.tar.bz2#db2ebbe2943aae81ed051a6a9af8e0fa
https://conda.anaconda.org/conda-forge/linux-64/tk-8.6.12-h27826a3_0.tar.bz2#5b8c42eb62e9fc961af70bdd6a26e168
https://conda.anaconda.org/conda-forge/linux-64/zlib-1.2.13-h166bdaf_4.tar.bz2#4b11e365c0275b808be78b30f904e295
https://conda.anaconda.org/conda-forge/linux-64/zstd-1.5.2-h6239696_4.tar.bz2#adcf0be7897e73e312bd24353b613f74
https://conda.anaconda.org/conda-forge/linux-64/brotli-bin-1.0.9-h166bdaf_8.tar.bz2#e5613f2bc717e9945840ff474419b8e4
https://conda.anaconda.org/conda-forge/linux-64/freetype-2.12.1-hca18f0e_0.tar.bz2#4e54cbfc47b8c74c2ecc1e7730d8edce
https://conda.anaconda.org/bioconda/linux-64/k8-0.2.5-hd03093a_2.tar.bz2#37e8cc3b610f6e0e91715fa4ad553c24
https://conda.anaconda.org/conda-forge/linux-64/krb5-1.19.3-h3790be6_0.tar.bz2#7d862b05445123144bec92cb1acc8ef8
https://conda.anaconda.org/conda-forge/linux-64/libcblas-3.9.0-16_linux64_openblas.tar.bz2#20bae26d0a1db73f758fc3754cab4719
https://conda.anaconda.org/conda-forge/linux-64/liblapack-3.9.0-16_linux64_openblas.tar.bz2#955d993f41f9354bf753d29864ea20ad
https://conda.anaconda.org/conda-forge/linux-64/libtiff-4.4.0-h0e0dad5_3.tar.bz2#5627d42c13a9b117ae1701c6e195624f
https://conda.anaconda.org/bioconda/linux-64/pbgzip-2016.08.04-h67092d7_3.tar.bz2#87d6be20bed78864f787ac15914547bf
https://conda.anaconda.org/conda-forge/linux-64/pigz-2.6-h27826a3_0.tar.bz2#677798489006b14291e8617223e34348
https://conda.anaconda.org/conda-forge/linux-64/python-3.10.6-h582c2e5_0_cpython.tar.bz2#6f009f92084e84884d1dff862b85eb00
https://conda.anaconda.org/conda-forge/noarch/asciitree-0.3.3-py_2.tar.bz2#c0481c9de49f040272556e2cedf42816
https://conda.anaconda.org/conda-forge/noarch/attrs-22.1.0-pyh71513ae_1.tar.bz2#6d3ccbc56256204925bfa8378722792f
https://conda.anaconda.org/conda-forge/linux-64/brotli-1.0.9-h166bdaf_8.tar.bz2#2ff08978892a3e8b954397c461f18418
https://conda.anaconda.org/conda-forge/noarch/cached_property-1.5.2-pyha770c72_1.tar.bz2#576d629e47797577ab0f1b351297ef4a
https://conda.anaconda.org/conda-forge/noarch/certifi-2022.9.24-pyhd8ed1ab_0.tar.bz2#f66309b099374af91369e67e84af397d
https://conda.anaconda.org/conda-forge/noarch/charset-normalizer-2.1.1-pyhd8ed1ab_0.tar.bz2#c1d5b294fbf9a795dec349a6f4d8be8e
https://conda.anaconda.org/conda-forge/noarch/click-8.1.3-unix_pyhd8ed1ab_2.tar.bz2#20e4087407c7cb04a40817114b333dbf
https://conda.anaconda.org/conda-forge/noarch/cloudpickle-2.2.0-pyhd8ed1ab_0.tar.bz2#a6cf47b09786423200d7982d1faa19eb
https://conda.anaconda.org/conda-forge/noarch/colorama-0.4.6-pyhd8ed1ab_0.tar.bz2#3faab06a954c2a04039983f2c4a50d99
https://conda.anaconda.org/conda-forge/noarch/cycler-0.11.0-pyhd8ed1ab_0.tar.bz2#a50559fad0affdbb33729a68669ca1cb
https://conda.anaconda.org/conda-forge/noarch/dataclasses-0.8-pyhc8e2a94_3.tar.bz2#a362b2124b06aad102e2ee4581acee7d
https://conda.anaconda.org/conda-forge/noarch/dill-0.3.6-pyhd8ed1ab_1.tar.bz2#88c82ca702197fff8a5e87619707556b
https://conda.anaconda.org/conda-forge/noarch/exceptiongroup-1.0.0-pyhd8ed1ab_0.tar.bz2#da409b864dc21631820c81973df42587
https://conda.anaconda.org/conda-forge/noarch/fsspec-2022.10.0-pyhd8ed1ab_0.tar.bz2#ee4d78b97e857cb8d845c8fa4c898433
https://conda.anaconda.org/conda-forge/noarch/future-0.18.2-pyhd8ed1ab_6.tar.bz2#a6966947ba28bbe60f9904653da7fed5
https://conda.anaconda.org/conda-forge/noarch/heapdict-1.0.1-py_0.tar.bz2#77242bfb1e74a627fb06319b5a2d3b95
https://conda.anaconda.org/conda-forge/noarch/idna-3.4-pyhd8ed1ab_0.tar.bz2#34272b248891bddccc64479f9a7fffed
https://conda.anaconda.org/conda-forge/linux-64/lcms2-2.13.1-h6ed2654_0.tar.bz2#035a197dc703c5a6596daab378e17030
https://conda.anaconda.org/conda-forge/linux-64/libcurl-7.86.0-h7bff187_0.tar.bz2#7569943f841e67e072a432b503ed18be
https://conda.anaconda.org/conda-forge/noarch/locket-1.0.0-pyhd8ed1ab_0.tar.bz2#91e27ef3d05cc772ce627e51cff111c4
https://conda.anaconda.org/bioconda/linux-64/minimap2-2.24-h7132678_1.tar.bz2#26cfade949d6ff9b09ab317f1f24d888
https://conda.anaconda.org/conda-forge/noarch/munkres-1.1.4-pyh9f0ad1d_0.tar.bz2#2ba8498c1018c1e9c61eb99b973dfe19
https://conda.anaconda.org/conda-forge/noarch/networkx-2.8.7-pyhd8ed1ab_0.tar.bz2#1b74438a7270b1e2cbd3de9dba18ebb6
https://conda.anaconda.org/conda-forge/linux-64/openjpeg-2.5.0-h7d73246_1.tar.bz2#a11b4df9271a8d7917686725aa04c8f2
https://conda.anaconda.org/conda-forge/noarch/pycparser-2.21-pyhd8ed1ab_0.tar.bz2#076becd9e05608f8dc72757d5f3a91ff
https://conda.anaconda.org/conda-forge/noarch/pyparsing-3.0.9-pyhd8ed1ab_0.tar.bz2#e8fbc1b54b25f4b08281467bc13b70cc
https://conda.anaconda.org/conda-forge/noarch/pysocks-1.7.1-pyha2e5f31_6.tar.bz2#2a7de29fb590ca14b5243c4c812c8025
https://conda.anaconda.org/conda-forge/linux-64/python_abi-3.10-2_cp310.tar.bz2#9e7160cd0d865e98f6803f1fe15c8b61
https://conda.anaconda.org/conda-forge/noarch/pytz-2022.5-pyhd8ed1ab_0.tar.bz2#565724d09157870f0e469b1a0a172a6d
https://conda.anaconda.org/bioconda/noarch/pyvcf3-1.0.3-pyhdfd78af_0.tar.bz2#2471bf4fad9f15602ad24164adf1a22a
https://conda.anaconda.org/conda-forge/noarch/setuptools-65.5.0-pyhd8ed1ab_0.tar.bz2#462466739c786f85f9ed555f87099fe1
https://conda.anaconda.org/conda-forge/noarch/shellingham-1.5.0-pyhd8ed1ab_0.tar.bz2#65bacdee3cac51e49f45d530bbd5e90f
https://conda.anaconda.org/conda-forge/noarch/six-1.16.0-pyh6c4a22f_0.tar.bz2#e5f25f8dbc060e9a8d912e432202afc2
https://conda.anaconda.org/conda-forge/noarch/sortedcontainers-2.4.0-pyhd8ed1ab_0.tar.bz2#6d6552722448103793743dabfbda532d
https://conda.anaconda.org/conda-forge/noarch/tblib-1.7.0-pyhd8ed1ab_0.tar.bz2#3d4afc31302aa7be471feb6be048ed76
https://conda.anaconda.org/conda-forge/noarch/toolz-0.12.0-pyhd8ed1ab_0.tar.bz2#92facfec94bc02d6ccf42e7173831a36
https://conda.anaconda.org/conda-forge/noarch/typing_extensions-4.4.0-pyha770c72_0.tar.bz2#2d93b130d148d7fc77e583677792fc6a
https://conda.anaconda.org/conda-forge/noarch/wheel-0.37.1-pyhd8ed1ab_0.tar.bz2#1ca02aaf78d9c70d9a81a3bed5752022
https://conda.anaconda.org/conda-forge/noarch/cached-property-1.5.2-hd8ed1ab_1.tar.bz2#9b347a7ec10940d3f7941ff6c460b551
https://conda.anaconda.org/conda-forge/noarch/cattrs-22.2.0-pyhd8ed1ab_0.tar.bz2#5dacf4d924ae284579288e378b1f5943
https://conda.anaconda.org/conda-forge/linux-64/cffi-1.15.1-py310h255011f_2.tar.bz2#6bb8063dd08f9724c18744b0e040cfe2
https://conda.anaconda.org/conda-forge/noarch/commonmark-0.9.1-py_0.tar.bz2#6aa0173c14befcd577ded130cf6f22f5
https://conda.anaconda.org/conda-forge/linux-64/cytoolz-0.12.0-py310h5764c6d_1.tar.bz2#fd18cd597d23b2b5ddde23bd5b7aec32
https://conda.anaconda.org/conda-forge/linux-64/hdf5-1.12.2-nompi_h2386368_100.tar.bz2#b014a5f912e0193783e48086b7bb3995
https://conda.anaconda.org/bioconda/linux-64/htslib-1.16-h6bc39ce_0.tar.bz2#503d5675802731748f348164d978c6de
https://conda.anaconda.org/conda-forge/linux-64/kiwisolver-1.4.4-py310hbf28c38_1.tar.bz2#ad5647e517ba68e2868ef2e6e6ff7723
https://conda.anaconda.org/conda-forge/linux-64/lz4-4.0.2-py310h5d5e884_0.tar.bz2#cda615ff0531107b6f83f14ea0a2e7f1
https://conda.anaconda.org/bioconda/linux-64/mappy-2.24-py310h8472f5a_1.tar.bz2#23b970e1163266f2267156a7ce593535
https://conda.anaconda.org/conda-forge/linux-64/markupsafe-2.1.1-py310h5764c6d_2.tar.bz2#2d7028ea2a77f909931e1a173d952261
https://conda.anaconda.org/conda-forge/linux-64/msgpack-python-1.0.4-py310hbf28c38_1.tar.bz2#1fa34c9e9be72b7e4c3c9b95017463a3
https://conda.anaconda.org/conda-forge/linux-64/multiprocess-0.70.14-py310h5764c6d_3.tar.bz2#ab8d434ecacc0150f1367576e09aa830
https://conda.anaconda.org/conda-forge/linux-64/numpy-1.23.4-py310h53a5b5f_1.tar.bz2#0b7d4c8253f7191030adf34e2768c412
https://conda.anaconda.org/conda-forge/noarch/packaging-21.3-pyhd8ed1ab_0.tar.bz2#71f1ab2de48613876becddd496371c85
https://conda.anaconda.org/conda-forge/noarch/partd-1.3.0-pyhd8ed1ab_0.tar.bz2#af8c82d121e63082926062d61d9abb54
https://conda.anaconda.org/conda-forge/linux-64/pillow-9.2.0-py310h454ad03_3.tar.bz2#eb354ff791f505b1d6f13f776359d88e
https://conda.anaconda.org/conda-forge/noarch/pip-22.3-pyhd8ed1ab_0.tar.bz2#6f4c6de9fed2a9bd8043283611b09587
https://conda.anaconda.org/conda-forge/linux-64/psutil-5.9.3-py310h5764c6d_1.tar.bz2#9bfec73f587caed65c74e2219895f723
https://conda.anaconda.org/conda-forge/noarch/pygments-2.13.0-pyhd8ed1ab_0.tar.bz2#9f478e8eedd301008b5f395bad0caaed
https://conda.anaconda.org/bioconda/linux-64/pysam-0.19.1-py310hff46b53_1.tar.bz2#ebeca1ae3cfdc0ec18d5d528dc2e2e4f
https://conda.anaconda.org/conda-forge/noarch/python-dateutil-2.8.2-pyhd8ed1ab_0.tar.bz2#dd999d1cc9f79e67dbb855c8924c7984
https://conda.anaconda.org/conda-forge/linux-64/python-isal-1.1.0-py310h5764c6d_1.tar.bz2#234cd9a20245bbcb503cff7c40b02e0d
https://conda.anaconda.org/conda-forge/linux-64/pyyaml-6.0-py310h5764c6d_5.tar.bz2#9e68d2ff6d98737c855b65f48dd3c597
https://conda.anaconda.org/conda-forge/linux-64/simplejson-3.17.6-py310h5764c6d_2.tar.bz2#115eb38617dbbae6498f79f59d278804
https://conda.anaconda.org/conda-forge/linux-64/tornado-6.1-py310h5764c6d_3.tar.bz2#8a5770e6392d29d99c9bc9c3635bba60
https://conda.anaconda.org/conda-forge/linux-64/unicodedata2-15.0.0-py310h5764c6d_0.tar.bz2#e972c5a1f472561cf4a91962cb01f4b4
https://conda.anaconda.org/conda-forge/noarch/zict-2.2.0-pyhd8ed1ab_0.tar.bz2#cd563d01df94e51f968645dbf3b310b0
https://conda.anaconda.org/conda-forge/linux-64/biopython-1.79-py310h5764c6d_3.tar.bz2#459ab242d610fe93ebc0c748b012b384
https://conda.anaconda.org/conda-forge/linux-64/brotlipy-0.7.0-py310h5764c6d_1005.tar.bz2#87669c3468dff637bbd0363bc0f895cf
https://conda.anaconda.org/conda-forge/linux-64/contourpy-1.0.6-py310hbf28c38_0.tar.bz2#c5b1699e390d30b680dd93a2b251062b
https://conda.anaconda.org/conda-forge/linux-64/cryptography-38.0.2-py310h597c629_2.tar.bz2#e63caeba7d88f0bc7c4d6c04ba1599da
https://conda.anaconda.org/conda-forge/noarch/dask-core-2022.10.0-pyhd8ed1ab_2.tar.bz2#9cc22a4ec18254035da0c88a04b73a5d
https://conda.anaconda.org/conda-forge/linux-64/fonttools-4.38.0-py310h5764c6d_1.tar.bz2#12ebe92a8a578bc903bd844744f4d040
https://conda.anaconda.org/conda-forge/linux-64/h5py-3.7.0-nompi_py310h416281c_102.tar.bz2#0531c9996dd47c57f14264c3177ccb03
https://conda.anaconda.org/conda-forge/noarch/jinja2-3.1.2-pyhd8ed1ab_1.tar.bz2#c8490ed5c70966d232fdd389d0dbed37
https://conda.anaconda.org/bioconda/linux-64/pairix-0.3.7-py310h8472f5a_4.tar.bz2#19e9b34c89671e6cfe41919ced08557a
https://conda.anaconda.org/conda-forge/linux-64/pandas-1.5.1-py310h769672d_1.tar.bz2#4dd589c55d445e52ef0a7102158254df
https://conda.anaconda.org/conda-forge/linux-64/polars-0.14.24-py310h80b0cf3_1.tar.bz2#50d6b8a2c1033d6af049a76707622dd7
https://conda.anaconda.org/conda-forge/noarch/rich-12.6.0-pyhd8ed1ab_0.tar.bz2#162ed4cc104133be23e592faa1e055e3
https://conda.anaconda.org/bioconda/linux-64/samtools-1.16.1-h6899075_1.tar.bz2#f46ab19debf488bbcf6f34b9c4ecfa89
https://conda.anaconda.org/conda-forge/linux-64/scipy-1.9.3-py310hdfbd76f_1.tar.bz2#4140058701f7a3bad773f31496586256
https://conda.anaconda.org/conda-forge/linux-64/xopen-1.6.0-py310hff52083_1.tar.bz2#3b0f618ed993783c9f98442fa6bcf225
https://conda.anaconda.org/conda-forge/noarch/bokeh-2.4.3-pyhd8ed1ab_3.tar.bz2#e4c6e6d99add99cede5328d811cacb21
https://conda.anaconda.org/conda-forge/linux-64/matplotlib-base-3.6.1-py310h8d5ebf3_1.tar.bz2#bc8d8dcad6b921b0996df46f0e7f120d
https://conda.anaconda.org/bioconda/noarch/pyfaidx-0.7.1-pyh5e36f6f_0.tar.bz2#1e5b48869e8ce6a0e61610d71c0ef7c1
https://conda.anaconda.org/conda-forge/noarch/pyopenssl-22.1.0-pyhd8ed1ab_0.tar.bz2#fbfa0a180d48c800f922a10a114a8632
https://conda.anaconda.org/conda-forge/noarch/typer-0.6.1-pyhd8ed1ab_0.tar.bz2#8b7199ed3c8ddba75e29c9300ac05f8b
https://conda.anaconda.org/conda-forge/noarch/urllib3-1.26.11-pyhd8ed1ab_0.tar.bz2#0738978569b10669bdef41c671252dd1
https://conda.anaconda.org/bioconda/linux-64/whatshap-1.6-py310h30d9df9_1.tar.bz2#cfb0259171e86b50139f45398d33fa1d
https://conda.anaconda.org/conda-forge/noarch/distributed-2022.10.0-pyhd8ed1ab_2.tar.bz2#3dc3dceb9ad4ce190fcd4e31d903ac5f
https://conda.anaconda.org/conda-forge/noarch/requests-2.28.1-pyhd8ed1ab_1.tar.bz2#089382ee0e2dc2eae33a04cc3c2bddb0
https://conda.anaconda.org/bioconda/noarch/bioframe-0.3.3-pyhdfd78af_0.tar.bz2#6fb653763159fbf388d7835fd3842d22
https://conda.anaconda.org/conda-forge/noarch/dask-2022.10.0-pyhd8ed1ab_2.tar.bz2#3c6fd92621ad4f8fd244af162ea6db58
https://conda.anaconda.org/bioconda/noarch/cooler-0.8.11-pyh5e36f6f_1.tar.bz2#957faac97255a5d04377174d8d15bc60
https://conda.anaconda.org/bioconda/linux-64/pairtools-1.0.1-py310h71fa80f_0.tar.bz2#4a1c9ed13c75bf0aba49d1ea4eb74315
