# Generated by conda-lock.
# platform: linux-64
# input_hash: 70382d7d9d2be56d4401751c69117f0d9be9e371498b5269d42b41994f0ac7b5

channels:
  - conda-forge
  - bioconda
  - defaults
dependencies:
  - _libgcc_mutex=0.1=conda_forge
  - ca-certificates=2022.9.24=ha878542_0
  - ld_impl_linux-64=2.39=hc81fddc_0
  - libgfortran5=12.2.0=h337968e_19
  - libstdcxx-ng=12.2.0=h46fd767_19
  - pbzip2=1.1.13=0
  - tzdata=2022f=h191b570_0
  - libgfortran-ng=12.2.0=h69a702a_19
  - libgomp=12.2.0=h65d4601_19
  - _openmp_mutex=4.5=2_gnu
  - libgcc-ng=12.2.0=h65d4601_19
  - bzip2=1.0.8=h7f98852_4
  - c-ares=1.18.1=h7f98852_0
  - coreutils=9.1=h166bdaf_0
  - isa-l=2.30.0=ha770c72_4
  - jpeg=9e=h166bdaf_2
  - keyutils=1.6.1=h166bdaf_0
  - lerc=4.0.0=h27087fc_0
  - libbrotlicommon=1.0.9=h166bdaf_8
  - libdeflate=1.13=h166bdaf_0
  - libev=4.33=h516909a_1
  - libffi=3.4.2=h7f98852_5
  - libnsl=2.0.0=h7f98852_0
  - libopenblas=0.3.21=pthreads_h78a6416_3
  - libuuid=2.32.1=h7f98852_1000
  - libwebp-base=1.2.4=h166bdaf_0
  - libzlib=1.2.13=h166bdaf_4
  - lz4-c=1.9.3=h9c3ff4c_1
  - ncurses=6.3=h27087fc_1
  - openssl=1.1.1q=h166bdaf_1
  - pthread-stubs=0.4=h36c2ea0_1001
  - xorg-libxau=1.0.9=h7f98852_0
  - xorg-libxdmcp=1.1.3=h7f98852_0
  - xz=5.2.6=h166bdaf_0
  - yaml=0.2.5=h7f98852_2
  - libblas=3.9.0=16_linux64_openblas
  - libbrotlidec=1.0.9=h166bdaf_8
  - libbrotlienc=1.0.9=h166bdaf_8
  - libedit=3.1.20191231=he28a2e2_2
  - libnghttp2=1.47.0=hdcd2b5c_1
  - libpng=1.6.38=h753d276_0
  - libsqlite=3.39.4=h753d276_0
  - libssh2=1.10.0=haa6b8db_3
  - libxcb=1.13=h7f98852_1004
  - readline=8.1.2=h0f457ee_0
  - tk=8.6.12=h27826a3_0
  - zlib=1.2.13=h166bdaf_4
  - zstd=1.5.2=h6239696_4
  - brotli-bin=1.0.9=h166bdaf_8
  - freetype=2.12.1=hca18f0e_0
  - k8=0.2.5=hd03093a_2
  - krb5=1.19.3=h3790be6_0
  - libcblas=3.9.0=16_linux64_openblas
  - liblapack=3.9.0=16_linux64_openblas
  - libtiff=4.4.0=h0e0dad5_3
  - pbgzip=2016.08.04=h67092d7_3
  - pigz=2.6=h27826a3_0
  - python=3.10.6=h582c2e5_0_cpython
  - asciitree=0.3.3=py_2
  - attrs=22.1.0=pyh71513ae_1
  - brotli=1.0.9=h166bdaf_8
  - cached_property=1.5.2=pyha770c72_1
  - certifi=2022.9.24=pyhd8ed1ab_0
  - charset-normalizer=2.1.1=pyhd8ed1ab_0
  - click=8.1.3=unix_pyhd8ed1ab_2
  - cloudpickle=2.2.0=pyhd8ed1ab_0
  - colorama=0.4.6=pyhd8ed1ab_0
  - cycler=0.11.0=pyhd8ed1ab_0
  - dataclasses=0.8=pyhc8e2a94_3
  - dill=0.3.6=pyhd8ed1ab_1
  - exceptiongroup=1.0.0=pyhd8ed1ab_0
  - fsspec=2022.10.0=pyhd8ed1ab_0
  - future=0.18.2=pyhd8ed1ab_6
  - heapdict=1.0.1=py_0
  - idna=3.4=pyhd8ed1ab_0
  - lcms2=2.13.1=h6ed2654_0
  - libcurl=7.86.0=h7bff187_0
  - locket=1.0.0=pyhd8ed1ab_0
  - minimap2=2.24=h7132678_1
  - munkres=1.1.4=pyh9f0ad1d_0
  - networkx=2.8.7=pyhd8ed1ab_0
  - openjpeg=2.5.0=h7d73246_1
  - pycparser=2.21=pyhd8ed1ab_0
  - pyparsing=3.0.9=pyhd8ed1ab_0
  - pysocks=1.7.1=pyha2e5f31_6
  - python_abi=3.10=2_cp310
  - pytz=2022.5=pyhd8ed1ab_0
  - pyvcf3=1.0.3=pyhdfd78af_0
  - setuptools=65.5.0=pyhd8ed1ab_0
  - shellingham=1.5.0=pyhd8ed1ab_0
  - six=1.16.0=pyh6c4a22f_0
  - sortedcontainers=2.4.0=pyhd8ed1ab_0
  - tblib=1.7.0=pyhd8ed1ab_0
  - toolz=0.12.0=pyhd8ed1ab_0
  - typing_extensions=4.4.0=pyha770c72_0
  - wheel=0.37.1=pyhd8ed1ab_0
  - cached-property=1.5.2=hd8ed1ab_1
  - cattrs=22.2.0=pyhd8ed1ab_0
  - cffi=1.15.1=py310h255011f_2
  - commonmark=0.9.1=py_0
  - cytoolz=0.12.0=py310h5764c6d_1
  - hdf5=1.12.2=nompi_h2386368_100
  - htslib=1.16=h6bc39ce_0
  - kiwisolver=1.4.4=py310hbf28c38_1
  - lz4=4.0.2=py310h5d5e884_0
  - mappy=2.24=py310h8472f5a_1
  - markupsafe=2.1.1=py310h5764c6d_2
  - msgpack-python=1.0.4=py310hbf28c38_1
  - multiprocess=0.70.14=py310h5764c6d_3
  - numpy=1.23.4=py310h53a5b5f_1
  - packaging=21.3=pyhd8ed1ab_0
  - partd=1.3.0=pyhd8ed1ab_0
  - pillow=9.2.0=py310h454ad03_3
  - pip=22.3=pyhd8ed1ab_0
  - psutil=5.9.3=py310h5764c6d_1
  - pygments=2.13.0=pyhd8ed1ab_0
  - pysam=0.19.1=py310hff46b53_1
  - python-dateutil=2.8.2=pyhd8ed1ab_0
  - python-isal=1.1.0=py310h5764c6d_1
  - pyyaml=6.0=py310h5764c6d_5
  - simplejson=3.17.6=py310h5764c6d_2
  - tornado=6.1=py310h5764c6d_3
  - unicodedata2=15.0.0=py310h5764c6d_0
  - zict=2.2.0=pyhd8ed1ab_0
  - biopython=1.79=py310h5764c6d_3
  - brotlipy=0.7.0=py310h5764c6d_1005
  - contourpy=1.0.6=py310hbf28c38_0
  - cryptography=38.0.2=py310h597c629_2
  - dask-core=2022.10.0=pyhd8ed1ab_2
  - fonttools=4.38.0=py310h5764c6d_1
  - h5py=3.7.0=nompi_py310h416281c_102
  - jinja2=3.1.2=pyhd8ed1ab_1
  - pairix=0.3.7=py310h8472f5a_4
  - pandas=1.5.1=py310h769672d_1
  - polars=0.14.24=py310h80b0cf3_1
  - rich=12.6.0=pyhd8ed1ab_0
  - samtools=1.16.1=h6899075_1
  - scipy=1.9.3=py310hdfbd76f_1
  - xopen=1.6.0=py310hff52083_1
  - bokeh=2.4.3=pyhd8ed1ab_3
  - matplotlib-base=3.6.1=py310h8d5ebf3_1
  - pyfaidx=0.7.1=pyh5e36f6f_0
  - pyopenssl=22.1.0=pyhd8ed1ab_0
  - typer=0.6.1=pyhd8ed1ab_0
  - urllib3=1.26.11=pyhd8ed1ab_0
  - whatshap=1.6=py310h30d9df9_1
  - distributed=2022.10.0=pyhd8ed1ab_2
  - requests=2.28.1=pyhd8ed1ab_1
  - bioframe=0.3.3=pyhdfd78af_0
  - dask=2022.10.0=pyhd8ed1ab_2
  - cooler=0.8.11=pyh5e36f6f_1
  - pairtools=1.0.1=py310h71fa80f_0
